
Microsoft Visual Studio Solution File, Format Version 12.00
# Visual Studio Version 17
VisualStudioVersion = 17.0.31903.59
MinimumVisualStudioVersion = 10.0.40219.1
Project("{2150E333-8FDC-42A3-9474-1A3956D46DE8}") = "src", "src", "{827E0CD3-B72D-47B6-A68D-7590B98EB39B}"
EndProject
Project("{2150E333-8FDC-42A3-9474-1A3956D46DE8}") = "Domain", "Domain", "{8B290487-4C16-E85E-E807-F579CBE9FC4D}"
EndProject
Project("{FAE04EC0-301F-11D3-BF4B-00C04F79EFBC}") = "PlcTelegramSimulator.Domain", "src\Domain\PlcTelegramSimulator.Domain.csproj", "{4172E286-AF02-4081-9A4C-6423626AD166}"
EndProject
Project("{2150E333-8FDC-42A3-9474-1A3956D46DE8}") = "Application", "Application", "{22BAF98C-8415-17C4-B26A-D537657BC863}"
EndProject
Project("{FAE04EC0-301F-11D3-BF4B-00C04F79EFBC}") = "PlcTelegramSimulator.Application", "src\Application\PlcTelegramSimulator.Application.csproj", "{BC066D0D-5E1C-4DE0-9033-9FFFCB1159B6}"
EndProject
Project("{2150E333-8FDC-42A3-9474-1A3956D46DE8}") = "Infrastructure", "Infrastructure", "{9048EB7F-3875-A59E-E36B-5BD4C6F2A282}"
EndProject
Project("{FAE04EC0-301F-11D3-BF4B-00C04F79EFBC}") = "PlcTelegramSimulator.Infrastructure", "src\Infrastructure\PlcTelegramSimulator.Infrastructure.csproj", "{BC2FFE50-91AB-4D9E-A04D-5654A8AE6828}"
EndProject
Project("{2150E333-8FDC-42A3-9474-1A3956D46DE8}") = "Web", "Web", "{03997797-E7F5-0643-168D-B8EA7178C2FE}"
EndProject
Project("{FAE04EC0-301F-11D3-BF4B-00C04F79EFBC}") = "PlcTelegramSimulator.Web", "src\Web\PlcTelegramSimulator.Web.csproj", "{783E5A33-1FFD-45FD-8050-F53587C5D3BC}"
EndProject
Project("{2150E333-8FDC-42A3-9474-1A3956D46DE8}") = "tests", "tests", "{0AB3BF05-4346-4AA6-1389-037BE0695223}"
EndProject
Project("{FAE04EC0-301F-11D3-BF4B-00C04F79EFBC}") = "Domain.UnitTests", "tests\Domain.UnitTests\Domain.UnitTests.csproj", "{AFC3B414-0E21-480A-96B6-D2B5F26B2D88}"
EndProject
Project("{FAE04EC0-301F-11D3-BF4B-00C04F79EFBC}") = "Application.UnitTests", "tests\Application.UnitTests\Application.UnitTests.csproj", "{D8BFAD2C-AD55-4F5B-BD70-9024B89298D6}"
EndProject
Project("{FAE04EC0-301F-11D3-BF4B-00C04F79EFBC}") = "Infrastructure.IntegrationTests", "tests\Infrastructure.IntegrationTests\Infrastructure.IntegrationTests.csproj", "{01601D46-71F5-4C55-8C03-F2472B86FE44}"
EndProject
Global
	GlobalSection(SolutionConfigurationPlatforms) = preSolution
		Debug|Any CPU = Debug|Any CPU
		Debug|x64 = Debug|x64
		Debug|x86 = Debug|x86
		Release|Any CPU = Release|Any CPU
		Release|x64 = Release|x64
		Release|x86 = Release|x86
	EndGlobalSection
	GlobalSection(ProjectConfigurationPlatforms) = postSolution
		{4172E286-AF02-4081-9A4C-6423626AD166}.Debug|Any CPU.ActiveCfg = Debug|Any CPU
		{4172E286-AF02-4081-9A4C-6423626AD166}.Debug|Any CPU.Build.0 = Debug|Any CPU
		{4172E286-AF02-4081-9A4C-6423626AD166}.Debug|x64.ActiveCfg = Debug|Any CPU
		{4172E286-AF02-4081-9A4C-6423626AD166}.Debug|x64.Build.0 = Debug|Any CPU
		{4172E286-AF02-4081-9A4C-6423626AD166}.Debug|x86.ActiveCfg = Debug|Any CPU
		{4172E286-AF02-4081-9A4C-6423626AD166}.Debug|x86.Build.0 = Debug|Any CPU
		{4172E286-AF02-4081-9A4C-6423626AD166}.Release|Any CPU.ActiveCfg = Release|Any CPU
		{4172E286-AF02-4081-9A4C-6423626AD166}.Release|Any CPU.Build.0 = Release|Any CPU
		{4172E286-AF02-4081-9A4C-6423626AD166}.Release|x64.ActiveCfg = Release|Any CPU
		{4172E286-AF02-4081-9A4C-6423626AD166}.Release|x64.Build.0 = Release|Any CPU
		{4172E286-AF02-4081-9A4C-6423626AD166}.Release|x86.ActiveCfg = Release|Any CPU
		{4172E286-AF02-4081-9A4C-6423626AD166}.Release|x86.Build.0 = Release|Any CPU
		{BC066D0D-5E1C-4DE0-9033-9FFFCB1159B6}.Debug|Any CPU.ActiveCfg = Debug|Any CPU
		{BC066D0D-5E1C-4DE0-9033-9FFFCB1159B6}.Debug|Any CPU.Build.0 = Debug|Any CPU
		{BC066D0D-5E1C-4DE0-9033-9FFFCB1159B6}.Debug|x64.ActiveCfg = Debug|Any CPU
		{BC066D0D-5E1C-4DE0-9033-9FFFCB1159B6}.Debug|x64.Build.0 = Debug|Any CPU
		{BC066D0D-5E1C-4DE0-9033-9FFFCB1159B6}.Debug|x86.ActiveCfg = Debug|Any CPU
		{BC066D0D-5E1C-4DE0-9033-9FFFCB1159B6}.Debug|x86.Build.0 = Debug|Any CPU
		{BC066D0D-5E1C-4DE0-9033-9FFFCB1159B6}.Release|Any CPU.ActiveCfg = Release|Any CPU
		{BC066D0D-5E1C-4DE0-9033-9FFFCB1159B6}.Release|Any CPU.Build.0 = Release|Any CPU
		{BC066D0D-5E1C-4DE0-9033-9FFFCB1159B6}.Release|x64.ActiveCfg = Release|Any CPU
		{BC066D0D-5E1C-4DE0-9033-9FFFCB1159B6}.Release|x64.Build.0 = Release|Any CPU
		{BC066D0D-5E1C-4DE0-9033-9FFFCB1159B6}.Release|x86.ActiveCfg = Release|Any CPU
		{BC066D0D-5E1C-4DE0-9033-9FFFCB1159B6}.Release|x86.Build.0 = Release|Any CPU
		{BC2FFE50-91AB-4D9E-A04D-5654A8AE6828}.Debug|Any CPU.ActiveCfg = Debug|Any CPU
		{BC2FFE50-91AB-4D9E-A04D-5654A8AE6828}.Debug|Any CPU.Build.0 = Debug|Any CPU
		{BC2FFE50-91AB-4D9E-A04D-5654A8AE6828}.Debug|x64.ActiveCfg = Debug|Any CPU
		{BC2FFE50-91AB-4D9E-A04D-5654A8AE6828}.Debug|x64.Build.0 = Debug|Any CPU
		{BC2FFE50-91AB-4D9E-A04D-5654A8AE6828}.Debug|x86.ActiveCfg = Debug|Any CPU
		{BC2FFE50-91AB-4D9E-A04D-5654A8AE6828}.Debug|x86.Build.0 = Debug|Any CPU
		{BC2FFE50-91AB-4D9E-A04D-5654A8AE6828}.Release|Any CPU.ActiveCfg = Release|Any CPU
		{BC2FFE50-91AB-4D9E-A04D-5654A8AE6828}.Release|Any CPU.Build.0 = Release|Any CPU
		{BC2FFE50-91AB-4D9E-A04D-5654A8AE6828}.Release|x64.ActiveCfg = Release|Any CPU
		{BC2FFE50-91AB-4D9E-A04D-5654A8AE6828}.Release|x64.Build.0 = Release|Any CPU
		{BC2FFE50-91AB-4D9E-A04D-5654A8AE6828}.Release|x86.ActiveCfg = Release|Any CPU
		{BC2FFE50-91AB-4D9E-A04D-5654A8AE6828}.Release|x86.Build.0 = Release|Any CPU
		{783E5A33-1FFD-45FD-8050-F53587C5D3BC}.Debug|Any CPU.ActiveCfg = Debug|Any CPU
		{783E5A33-1FFD-45FD-8050-F53587C5D3BC}.Debug|Any CPU.Build.0 = Debug|Any CPU
		{783E5A33-1FFD-45FD-8050-F53587C5D3BC}.Debug|x64.ActiveCfg = Debug|Any CPU
		{783E5A33-1FFD-45FD-8050-F53587C5D3BC}.Debug|x64.Build.0 = Debug|Any CPU
		{783E5A33-1FFD-45FD-8050-F53587C5D3BC}.Debug|x86.ActiveCfg = Debug|Any CPU
		{783E5A33-1FFD-45FD-8050-F53587C5D3BC}.Debug|x86.Build.0 = Debug|Any CPU
		{783E5A33-1FFD-45FD-8050-F53587C5D3BC}.Release|Any CPU.ActiveCfg = Release|Any CPU
		{783E5A33-1FFD-45FD-8050-F53587C5D3BC}.Release|Any CPU.Build.0 = Release|Any CPU
		{783E5A33-1FFD-45FD-8050-F53587C5D3BC}.Release|x64.ActiveCfg = Release|Any CPU
		{783E5A33-1FFD-45FD-8050-F53587C5D3BC}.Release|x64.Build.0 = Release|Any CPU
		{783E5A33-1FFD-45FD-8050-F53587C5D3BC}.Release|x86.ActiveCfg = Release|Any CPU
		{783E5A33-1FFD-45FD-8050-F53587C5D3BC}.Release|x86.Build.0 = Release|Any CPU
		{AFC3B414-0E21-480A-96B6-D2B5F26B2D88}.Debug|Any CPU.ActiveCfg = Debug|Any CPU
		{AFC3B414-0E21-480A-96B6-D2B5F26B2D88}.Debug|Any CPU.Build.0 = Debug|Any CPU
		{AFC3B414-0E21-480A-96B6-D2B5F26B2D88}.Debug|x64.ActiveCfg = Debug|Any CPU
		{AFC3B414-0E21-480A-96B6-D2B5F26B2D88}.Debug|x64.Build.0 = Debug|Any CPU
		{AFC3B414-0E21-480A-96B6-D2B5F26B2D88}.Debug|x86.ActiveCfg = Debug|Any CPU
		{AFC3B414-0E21-480A-96B6-D2B5F26B2D88}.Debug|x86.Build.0 = Debug|Any CPU
		{AFC3B414-0E21-480A-96B6-D2B5F26B2D88}.Release|Any CPU.ActiveCfg = Release|Any CPU
		{AFC3B414-0E21-480A-96B6-D2B5F26B2D88}.Release|Any CPU.Build.0 = Release|Any CPU
		{AFC3B414-0E21-480A-96B6-D2B5F26B2D88}.Release|x64.ActiveCfg = Release|Any CPU
		{AFC3B414-0E21-480A-96B6-D2B5F26B2D88}.Release|x64.Build.0 = Release|Any CPU
		{AFC3B414-0E21-480A-96B6-D2B5F26B2D88}.Release|x86.ActiveCfg = Release|Any CPU
		{AFC3B414-0E21-480A-96B6-D2B5F26B2D88}.Release|x86.Build.0 = Release|Any CPU
		{D8BFAD2C-AD55-4F5B-BD70-9024B89298D6}.Debug|Any CPU.ActiveCfg = Debug|Any CPU
		{D8BFAD2C-AD55-4F5B-BD70-9024B89298D6}.Debug|Any CPU.Build.0 = Debug|Any CPU
		{D8BFAD2C-AD55-4F5B-BD70-9024B89298D6}.Debug|x64.ActiveCfg = Debug|Any CPU
		{D8BFAD2C-AD55-4F5B-BD70-9024B89298D6}.Debug|x64.Build.0 = Debug|Any CPU
		{D8BFAD2C-AD55-4F5B-BD70-9024B89298D6}.Debug|x86.ActiveCfg = Debug|Any CPU
		{D8BFAD2C-AD55-4F5B-BD70-9024B89298D6}.Debug|x86.Build.0 = Debug|Any CPU
		{D8BFAD2C-AD55-4F5B-BD70-9024B89298D6}.Release|Any CPU.ActiveCfg = Release|Any CPU
		{D8BFAD2C-AD55-4F5B-BD70-9024B89298D6}.Release|Any CPU.Build.0 = Release|Any CPU
		{D8BFAD2C-AD55-4F5B-BD70-9024B89298D6}.Release|x64.ActiveCfg = Release|Any CPU
		{D8BFAD2C-AD55-4F5B-BD70-9024B89298D6}.Release|x64.Build.0 = Release|Any CPU
		{D8BFAD2C-AD55-4F5B-BD70-9024B89298D6}.Release|x86.ActiveCfg = Release|Any CPU
		{D8BFAD2C-AD55-4F5B-BD70-9024B89298D6}.Release|x86.Build.0 = Release|Any CPU
		{01601D46-71F5-4C55-8C03-F2472B86FE44}.Debug|Any CPU.ActiveCfg = Debug|Any CPU
		{01601D46-71F5-4C55-8C03-F2472B86FE44}.Debug|Any CPU.Build.0 = Debug|Any CPU
		{01601D46-71F5-4C55-8C03-F2472B86FE44}.Debug|x64.ActiveCfg = Debug|Any CPU
		{01601D46-71F5-4C55-8C03-F2472B86FE44}.Debug|x64.Build.0 = Debug|Any CPU
		{01601D46-71F5-4C55-8C03-F2472B86FE44}.Debug|x86.ActiveCfg = Debug|Any CPU
		{01601D46-71F5-4C55-8C03-F2472B86FE44}.Debug|x86.Build.0 = Debug|Any CPU
		{01601D46-71F5-4C55-8C03-F2472B86FE44}.Release|Any CPU.ActiveCfg = Release|Any CPU
		{01601D46-71F5-4C55-8C03-F2472B86FE44}.Release|Any CPU.Build.0 = Release|Any CPU
		{01601D46-71F5-4C55-8C03-F2472B86FE44}.Release|x64.ActiveCfg = Release|Any CPU
		{01601D46-71F5-4C55-8C03-F2472B86FE44}.Release|x64.Build.0 = Release|Any CPU
		{01601D46-71F5-4C55-8C03-F2472B86FE44}.Release|x86.ActiveCfg = Release|Any CPU
		{01601D46-71F5-4C55-8C03-F2472B86FE44}.Release|x86.Build.0 = Release|Any CPU
	EndGlobalSection
	GlobalSection(SolutionProperties) = preSolution
		HideSolutionNode = FALSE
	EndGlobalSection
	GlobalSection(NestedProjects) = preSolution
		{8B290487-4C16-E85E-E807-F579CBE9FC4D} = {827E0CD3-B72D-47B6-A68D-7590B98EB39B}
		{4172E286-AF02-4081-9A4C-6423626AD166} = {8B290487-4C16-E85E-E807-F579CBE9FC4D}
		{22BAF98C-8415-17C4-B26A-D537657BC863} = {827E0CD3-B72D-47B6-A68D-7590B98EB39B}
		{BC066D0D-5E1C-4DE0-9033-9FFFCB1159B6} = {22BAF98C-8415-17C4-B26A-D537657BC863}
		{9048EB7F-3875-A59E-E36B-5BD4C6F2A282} = {827E0CD3-B72D-47B6-A68D-7590B98EB39B}
		{BC2FFE50-91AB-4D9E-A04D-5654A8AE6828} = {9048EB7F-3875-A59E-E36B-5BD4C6F2A282}
		{03997797-E7F5-0643-168D-B8EA7178C2FE} = {827E0CD3-B72D-47B6-A68D-7590B98EB39B}
		{783E5A33-1FFD-45FD-8050-F53587C5D3BC} = {03997797-E7F5-0643-168D-B8EA7178C2FE}
		{AFC3B414-0E21-480A-96B6-D2B5F26B2D88} = {0AB3BF05-4346-4AA6-1389-037BE0695223}
		{D8BFAD2C-AD55-4F5B-BD70-9024B89298D6} = {0AB3BF05-4346-4AA6-1389-037BE0695223}
		{01601D46-71F5-4C55-8C03-F2472B86FE44} = {0AB3BF05-4346-4AA6-1389-037BE0695223}
	EndGlobalSection
EndGlobal
